{
  "version": 4,
  "terraform_version": "1.0.0",
  "serial": 1,
  "lineage": "4261422a-5759-650f-2677-f2189c2afcf2",
  "outputs": {},
  "resources": [
    {
      "mode": "data",
      "type": "google_organization",
      "name": "org",
      "provider": "provider[\"registry.terraform.io/hashicorp/google\"]",
      "instances": [
        {
          "schema_version": 0,
          "attributes": {
            "create_time": "2017-01-13T20:58:43.387Z",
            "directory_customer_id": "C02hdvpqj",
            "domain": "puppet.com",
            "id": "organizations/635869474587",
            "lifecycle_state": "ACTIVE",
            "name": "organizations/635869474587",
            "org_id": "635869474587",
            "organization": "635869474587"
          },
          "sensitive_attributes": []
        }
      ]
    },
    {
      "mode": "managed",
      "type": "google_project",
      "name": "demo_environment",
      "provider": "provider[\"registry.terraform.io/hashicorp/google\"]",
      "instances": [
        {
          "schema_version": 1,
          "attributes": {
            "auto_create_network": true,
            "billing_account": "012115-68D106-27CB71",
            "folder_id": "",
            "id": "projects/sa-demo-111",
            "labels": null,
            "name": "sa-demo",
            "number": "282089654653",
            "org_id": "635869474587",
            "project_id": "sa-demo-111",
            "skip_delete": null,
            "timeouts": null
          },
          "sensitive_attributes": [],
          "private": "eyJlMmJmYjczMC1lY2FhLTExZTYtOGY4OC0zNDM2M2JjN2M0YzAiOnsiY3JlYXRlIjo2MDAwMDAwMDAwMDAsImRlbGV0ZSI6NjAwMDAwMDAwMDAwLCJyZWFkIjo2MDAwMDAwMDAwMDAsInVwZGF0ZSI6NjAwMDAwMDAwMDAwfSwic2NoZW1hX3ZlcnNpb24iOiIxIn0="
        }
      ]
    }
  ]
}
